# THIS IS AN AUTOGENERATED FILE. DO NOT EDIT THIS FILE DIRECTLY.
# yarn lockfile v1


mdb-vue-ui-kit@^1.0.0:
  version "1.6.0"
  resolved "https://registry.yarnpkg.com/mdb-vue-ui-kit/-/mdb-vue-ui-kit-1.6.0.tgz#79e91d588cd97eca39725bb995d4d5bf3670fcba"
  integrity sha512-uwGVi0/WS7SXO1dH/iLj5EBKNyD5RFGpqVV1jU0ylTB+F/fHYMeraDUiVKXrHsQI8GegHh5azEUaPIBa85vI5g==
